
Microsoft Visual Studio Solution File, Format Version 12.00
# Visual Studio Version 17
VisualStudioVersion = 17.9.34728.123
MinimumVisualStudioVersion = 10.0.40219.1
Project("{9A19103F-16F7-4668-BE54-9A1E7A4F7556}") = "OpusSolver", "OpusSolver\OpusSolver.csproj", "{193959C5-6207-403E-8CD7-F2D3E12283F3}"
	ProjectSection(ProjectDependencies) = postProject
		{FAC8CCFA-3787-43CC-9FCE-86A6F64B0223} = {FAC8CCFA-3787-43CC-9FCE-86A6F64B0223}
	EndProjectSection
EndProject
Project("{9A19103F-16F7-4668-BE54-9A1E7A4F7556}") = "SolutionVerifier", "SolutionVerifier\SolutionVerifier.csproj", "{FAC8CCFA-3787-43CC-9FCE-86A6F64B0223}"
EndProject
Project("{9A19103F-16F7-4668-BE54-9A1E7A4F7556}") = "LPSolve", "LPSolve\LPSolve.csproj", "{7B992AA0-AD3B-49AC-B944-324BFA1203C5}"
EndProject
Global
	GlobalSection(SolutionConfigurationPlatforms) = preSolution
		Debug|x64 = Debug|x64
		Release|x64 = Release|x64
	EndGlobalSection
	GlobalSection(ProjectConfigurationPlatforms) = postSolution
		{193959C5-6207-403E-8CD7-F2D3E12283F3}.Debug|x64.ActiveCfg = Debug|x64
		{193959C5-6207-403E-8CD7-F2D3E12283F3}.Debug|x64.Build.0 = Debug|x64
		{193959C5-6207-403E-8CD7-F2D3E12283F3}.Release|x64.ActiveCfg = Release|x64
		{193959C5-6207-403E-8CD7-F2D3E12283F3}.Release|x64.Build.0 = Release|x64
		{FAC8CCFA-3787-43CC-9FCE-86A6F64B0223}.Debug|x64.ActiveCfg = Debug|x64
		{FAC8CCFA-3787-43CC-9FCE-86A6F64B0223}.Debug|x64.Build.0 = Debug|x64
		{FAC8CCFA-3787-43CC-9FCE-86A6F64B0223}.Release|x64.ActiveCfg = Release|x64
		{FAC8CCFA-3787-43CC-9FCE-86A6F64B0223}.Release|x64.Build.0 = Release|x64
		{7B992AA0-AD3B-49AC-B944-324BFA1203C5}.Debug|x64.ActiveCfg = Debug|x64
		{7B992AA0-AD3B-49AC-B944-324BFA1203C5}.Debug|x64.Build.0 = Debug|x64
		{7B992AA0-AD3B-49AC-B944-324BFA1203C5}.Release|x64.ActiveCfg = Release|x64
		{7B992AA0-AD3B-49AC-B944-324BFA1203C5}.Release|x64.Build.0 = Release|x64
	EndGlobalSection
	GlobalSection(SolutionProperties) = preSolution
		HideSolutionNode = FALSE
	EndGlobalSection
	GlobalSection(ExtensibilityGlobals) = postSolution
		SolutionGuid = {E081032B-2220-4812-9FBC-1E20E95647F6}
	EndGlobalSection
EndGlobal
